
Microsoft Visual Studio Solution File, Format Version 12.00
# Visual Studio Version 17
VisualStudioVersion = 17.5.002.0
MinimumVisualStudioVersion = 10.0.40219.1
Project("{9A19103F-16F7-4668-BE54-9A1E7A4F7556}") = "MiTarea6", "MiTarea6.csproj", "{25B8337D-937F-40EE-8D81-9BFC965728C5}"
EndProject
Global
	GlobalSection(SolutionConfigurationPlatforms) = preSolution
		Debug|Any CPU = Debug|Any CPU
		Release|Any CPU = Release|Any CPU
	EndGlobalSection
	GlobalSection(ProjectConfigurationPlatforms) = postSolution
		{25B8337D-937F-40EE-8D81-9BFC965728C5}.Debug|Any CPU.ActiveCfg = Debug|Any CPU
		{25B8337D-937F-40EE-8D81-9BFC965728C5}.Debug|Any CPU.Build.0 = Debug|Any CPU
		{25B8337D-937F-40EE-8D81-9BFC965728C5}.Release|Any CPU.ActiveCfg = Release|Any CPU
		{25B8337D-937F-40EE-8D81-9BFC965728C5}.Release|Any CPU.Build.0 = Release|Any CPU
	EndGlobalSection
	GlobalSection(SolutionProperties) = preSolution
		HideSolutionNode = FALSE
	EndGlobalSection
	GlobalSection(ExtensibilityGlobals) = postSolution
		SolutionGuid = {4A1E6499-D3BB-49EB-9098-ACD0C177E2B6}
	EndGlobalSection
EndGlobal
